
Microsoft Visual Studio Solution File, Format Version 12.00
# Visual Studio Version 16
VisualStudioVersion = 16.0.30011.22
MinimumVisualStudioVersion = 10.0.40219.1
Project("{FAE04EC0-301F-11D3-BF4B-00C04F79EFBC}") = "TestLibrary", "TestLibrary\TestLibrary.csproj", "{FEF2097C-01FC-4856-8D42-94203EC67796}"
EndProject
Global
	GlobalSection(SolutionConfigurationPlatforms) = preSolution
		Debug|Any CPU = Debug|Any CPU
		Release|Any CPU = Release|Any CPU
	EndGlobalSection
	GlobalSection(ProjectConfigurationPlatforms) = postSolution
		{FEF2097C-01FC-4856-8D42-94203EC67796}.Debug|Any CPU.ActiveCfg = Debug|Any CPU
		{FEF2097C-01FC-4856-8D42-94203EC67796}.Debug|Any CPU.Build.0 = Debug|Any CPU
		{FEF2097C-01FC-4856-8D42-94203EC67796}.Release|Any CPU.ActiveCfg = Release|Any CPU
		{FEF2097C-01FC-4856-8D42-94203EC67796}.Release|Any CPU.Build.0 = Release|Any CPU
	EndGlobalSection
	GlobalSection(SolutionProperties) = preSolution
		HideSolutionNode = FALSE
	EndGlobalSection
	GlobalSection(ExtensibilityGlobals) = postSolution
		SolutionGuid = {90BA050D-00E3-4FBB-947C-B588AFE9ED57}
	EndGlobalSection
EndGlobal
