
Microsoft Visual Studio Solution File, Format Version 12.00
# Visual Studio Version 16
VisualStudioVersion = 16.0.30011.22
MinimumVisualStudioVersion = 10.0.40219.1
Project("{FAE04EC0-301F-11D3-BF4B-00C04F79EFBC}") = "ImageMorphing", "ImageMorphing\ImageMorphing.csproj", "{00B3590F-3EBC-4A33-A22E-76FDE326E808}"
EndProject
Global
	GlobalSection(SolutionConfigurationPlatforms) = preSolution
		Debug|Any CPU = Debug|Any CPU
		Release|Any CPU = Release|Any CPU
	EndGlobalSection
	GlobalSection(ProjectConfigurationPlatforms) = postSolution
		{00B3590F-3EBC-4A33-A22E-76FDE326E808}.Debug|Any CPU.ActiveCfg = Debug|Any CPU
		{00B3590F-3EBC-4A33-A22E-76FDE326E808}.Debug|Any CPU.Build.0 = Debug|Any CPU
		{00B3590F-3EBC-4A33-A22E-76FDE326E808}.Release|Any CPU.ActiveCfg = Release|Any CPU
		{00B3590F-3EBC-4A33-A22E-76FDE326E808}.Release|Any CPU.Build.0 = Release|Any CPU
	EndGlobalSection
	GlobalSection(SolutionProperties) = preSolution
		HideSolutionNode = FALSE
	EndGlobalSection
	GlobalSection(ExtensibilityGlobals) = postSolution
		SolutionGuid = {53B7FC35-B7ED-4161-8E51-4E56D00AAE4E}
	EndGlobalSection
EndGlobal
